{
  "name": "holoflows_kit.test",
  "version": "1.0.0",
  "lockfileVersion": 1,
  "requires": true,
  "dependencies": {
    "@babel/runtime": {
      "version": "7.5.5",
      "resolved": "https://registry.npmjs.org/@babel/runtime/-/runtime-7.5.5.tgz",
      "integrity": "sha512-28QvEGyQyNkB0/m2B4FU7IEZGK2NUrcMtT6BZEFALTguLk+AUT6ofsHtPk5QyjAdUkpMJ+/Em+quwz4HOt30AQ==",
      "requires": {
        "regenerator-runtime": "^0.13.2"
      }
    },
    "@holoflows/kit": {
      "version": "0.4.0",
      "resolved": "https://registry.npmjs.org/@holoflows/kit/-/kit-0.4.0.tgz",
      "integrity": "sha512-rUeNU9hgQdXmsotg7RK7Vbk+asZLR/Q3YQBW30wltxEXtRPgG3XlFDVqBpDxLwzuSJ/nvRJqTyeEani+/wzsag==",
      "requires": {
        "@types/lodash-es": "^4.1.4",
        "concurrent-lock": "^1.0.7",
        "lodash-es": "^4.17.14",
        "memorize-decorator": "^0.2.2",
        "reflect-metadata": "^0.1.13",
        "web-ext-types": "^3.2.0"
      }
    },
    "@types/lodash": {
      "version": "4.14.136",
      "resolved": "https://registry.npmjs.org/@types/lodash/-/lodash-4.14.136.tgz",
      "integrity": "sha512-0GJhzBdvsW2RUccNHOBkabI8HZVdOXmXbXhuKlDEd5Vv12P7oAVGfomGp3Ne21o5D/qu1WmthlNKFaoZJJeErA=="
    },
    "@types/lodash-es": {
      "version": "4.17.3",
      "resolved": "https://registry.npmjs.org/@types/lodash-es/-/lodash-es-4.17.3.tgz",
      "integrity": "sha512-iHI0i7ZAL1qepz1Y7f3EKg/zUMDwDfTzitx+AlHhJJvXwenP682ZyGbgPSc5Ej3eEAKVbNWKFuwOadCj5vBbYQ==",
      "requires": {
        "@types/lodash": "*"
      }
    },
    "concurrent-lock": {
      "version": "1.0.7",
      "resolved": "https://registry.npmjs.org/concurrent-lock/-/concurrent-lock-1.0.7.tgz",
      "integrity": "sha512-WhivxLzkjaqpd3Bs+8UCq8cDznvx4vX5tzW17Zbk1c8nyuALt3h7EK5qpc3BSLFZADpCmMJieqUoZ6iOSTYIPA==",
      "requires": {
        "@babel/runtime": "^7.3.4"
      }
    },
    "lodash-es": {
      "version": "4.17.21",
      "resolved": "https://registry.npmjs.org/lodash-es/-/lodash-es-4.17.21.tgz",
      "integrity": "sha512-mKnC+QJ9pWVzv+C4/U3rRsHapFfHvQFoFB92e52xeyGMcX6/OlIl78je1u8vePzYZSkkogMPJ2yjxxsb89cxyw=="
    },
    "memorize-decorator": {
      "version": "0.2.2",
      "resolved": "https://registry.npmjs.org/memorize-decorator/-/memorize-decorator-0.2.2.tgz",
      "integrity": "sha512-gjMxF1Dw7alhiVbxTQiMcYtMCGJ8cGVdUPCEek88H4WvRGShozxObMFm1BMWctXXZpP7F7eIUJQkTa/jLPZeFQ==",
      "requires": {
        "multikey-map": "^0.2.0"
      }
    },
    "mixed-map": {
      "version": "0.1.1",
      "resolved": "https://registry.npmjs.org/mixed-map/-/mixed-map-0.1.1.tgz",
      "integrity": "sha512-k1bGC1J3EgXbvKM4qWUVygoF5BxZrL9pKprEXEL5l8p7lePA01IllCvpMnpEs5odne3JFc+efayDEPdX2OIxwg=="
    },
    "multikey-map": {
      "version": "0.2.0",
      "resolved": "https://registry.npmjs.org/multikey-map/-/multikey-map-0.2.0.tgz",
      "integrity": "sha512-0DkizPHr9u3oBL73vHJoFPChMvBfXQtZy2qsMfkam7qnqyOQn4C7D9lmNNQv+WmRZz2nNACi70sdncV/eVqL1A==",
      "requires": {
        "mixed-map": "^0.1.0"
      }
    },
    "reflect-metadata": {
      "version": "0.1.13",
      "resolved": "https://registry.npmjs.org/reflect-metadata/-/reflect-metadata-0.1.13.tgz",
      "integrity": "sha512-Ts1Y/anZELhSsjMcU605fU9RE4Oi3p5ORujwbIKXfWa+0Zxs510Qrmrce5/Jowq3cHSZSJqBjypxmHarc+vEWg=="
    },
    "regenerator-runtime": {
      "version": "0.13.3",
      "resolved": "https://registry.npmjs.org/regenerator-runtime/-/regenerator-runtime-0.13.3.tgz",
      "integrity": "sha512-naKIZz2GQ8JWh///G7L3X6LaQUAMp2lvb1rvwwsURe/VXwD6VMfr+/1NuNw3ag8v2kY1aQ/go5SNn79O9JU7yw=="
    },
    "typescript": {
      "version": "3.5.3",
      "resolved": "https://registry.npmjs.org/typescript/-/typescript-3.5.3.tgz",
      "integrity": "sha512-ACzBtm/PhXBDId6a6sDJfroT2pOWt/oOnk4/dElG5G33ZL776N3Y6/6bKZJBFpd+b05F3Ct9qDjMeJmRWtE2/g==",
      "dev": true
    },
    "web-ext-types": {
      "version": "3.2.1",
      "resolved": "https://registry.npmjs.org/web-ext-types/-/web-ext-types-3.2.1.tgz",
      "integrity": "sha512-oQZYDU3W8X867h8Jmt3129kRVKklz70db40Y6OzoTTuzOJpF/dB2KULJUf0txVPyUUXuyzV8GmT3nVvRHoG+Ew=="
    },
    "webextension-polyfill": {
      "version": "0.4.0",
      "resolved": "https://registry.npmjs.org/webextension-polyfill/-/webextension-polyfill-0.4.0.tgz",
      "integrity": "sha512-oreMp+EoAo1pzRMigx4jB5jInIpx6NTCySPSjGyLLee/dCIPiRqowCEfbFP8o20wz9SOtNwSsfkaJ9D/tRgpag=="
    }
  }
}
